// !$*UTF8*$!
{
	archiveVersion = 1;
	classes = {
	};
	objectVersion = 48;
	objects = {

/* Begin PBXBuildFile section */
		D3A82E9420C666CA00AAA52C /* AppDelegate.swift in Sources */ = {isa = PBXBuildFile; fileRef = D3A82E9320C666CA00AAA52C /* AppDelegate.swift */; };
		D3A82E9620C666CA00AAA52C /* ViewController.swift in Sources */ = {isa = PBXBuildFile; fileRef = D3A82E9520C666CA00AAA52C /* ViewController.swift */; };
		D3A82E9920C666CA00AAA52C /* Main.storyboard in Resources */ = {isa = PBXBuildFile; fileRef = D3A82E9720C666CA00AAA52C /* Main.storyboard */; };
		D3A82E9B20C666CA00AAA52C /* Assets.xcassets in Resources */ = {isa = PBXBuildFile; fileRef = D3A82E9A20C666CA00AAA52C /* Assets.xcassets */; };
		D3A82E9E20C666CA00AAA52C /* LaunchScreen.storyboard in Resources */ = {isa = PBXBuildFile; fileRef = D3A82E9C20C666CA00AAA52C /* LaunchScreen.storyboard */; };
		D3A82EA620C6727100AAA52C /* kimsohyun.mp4 in Resources */ = {isa = PBXBuildFile; fileRef = D3A82EA520C66E1700AAA52C /* kimsohyun.mp4 */; };
/* End PBXBuildFile section */

/* Begin PBXFileReference section */
		D3A82E9020C666CA00AAA52C /* VideoBackgorund.app */ = {isa = PBXFileReference; explicitFileType = wrapper.application; includeInIndex = 0; path = VideoBackgorund.app; sourceTree = BUILT_PRODUCTS_DIR; };
		D3A82E9320C666CA00AAA52C /* AppDelegate.swift */ = {isa = PBXFileReference; lastKnownFileType = sourcecode.swift; path = AppDelegate.swift; sourceTree = "<group>"; };
		D3A82E9520C666CA00AAA52C /* ViewController.swift */ = {isa = PBXFileReference; lastKnownFileType = sourcecode.swift; path = ViewController.swift; sourceTree = "<group>"; };
		D3A82E9820C666CA00AAA52C /* Base */ = {isa = PBXFileReference; lastKnownFileType = file.storyboard; name = Base; path = Base.lproj/Main.storyboard; sourceTree = "<group>"; };
		D3A82E9A20C666CA00AAA52C /* Assets.xcassets */ = {isa = PBXFileReference; lastKnownFileType = folder.assetcatalog; path = Assets.xcassets; sourceTree = "<group>"; };
		D3A82E9D20C666CA00AAA52C /* Base */ = {isa = PBXFileReference; lastKnownFileType = file.storyboard; name = Base; path = Base.lproj/LaunchScreen.storyboard; sourceTree = "<group>"; };
		D3A82E9F20C666CA00AAA52C /* Info.plist */ = {isa = PBXFileReference; lastKnownFileType = text.plist.xml; path = Info.plist; sourceTree = "<group>"; };
		D3A82EA520C66E1700AAA52C /* kimsohyun.mp4 */ = {isa = PBXFileReference; lastKnownFileType = file; path = kimsohyun.mp4; sourceTree = "<group>"; };
/* End PBXFileReference section */

/* Begin PBXFrameworksBuildPhase section */
		D3A82E8D20C666CA00AAA52C /* Frameworks */ = {
			isa = PBXFrameworksBuildPhase;
			buildActionMask = 2147483647;
			files = (
			);
			runOnlyForDeploymentPostprocessing = 0;
		};
/* End PBXFrameworksBuildPhase section */

/* Begin PBXGroup section */
		D3A82E8720C666CA00AAA52C = {
			isa = PBXGroup;
			children = (
				D3A82E9220C666CA00AAA52C /* VideoBackgorund */,
				D3A82E9120C666CA00AAA52C /* Products */,
			);
			sourceTree = "<group>";
		};
		D3A82E9120C666CA00AAA52C /* Products */ = {
			isa = PBXGroup;
			children = (
				D3A82E9020C666CA00AAA52C /* VideoBackgorund.app */,
			);
			name = Products;
			sourceTree = "<group>";
		};
		D3A82E9220C666CA00AAA52C /* VideoBackgorund */ = {
			isa = PBXGroup;
			children = (
				D3A82E9320C666CA00AAA52C /* AppDelegate.swift */,
				D3A82E9520C666CA00AAA52C /* ViewController.swift */,
				D3A82E9720C666CA00AAA52C /* Main.storyboard */,
				D3A82E9A20C666CA00AAA52C /* Assets.xcassets */,
				D3A82EA520C66E1700AAA52C /* kimsohyun.mp4 */,
				D3A82E9C20C666CA00AAA52C /* LaunchScreen.storyboard */,
				D3A82E9F20C666CA00AAA52C /* Info.plist */,
			);
			path = VideoBackgorund;
			sourceTree = "<group>";
		};
/* End PBXGroup section */

/* Begin PBXNativeTarget section */
		D3A82E8F20C666CA00AAA52C /* VideoBackgorund */ = {
			isa = PBXNativeTarget;
			buildConfigurationList = D3A82EA220C666CA00AAA52C /* Build configuration list for PBXNativeTarget "VideoBackgorund" */;
			buildPhases = (
				D3A82E8C20C666CA00AAA52C /* Sources */,
				D3A82E8D20C666CA00AAA52C /* Frameworks */,
				D3A82E8E20C666CA00AAA52C /* Resources */,
			);
			buildRules = (
			);
			dependencies = (
			);
			name = VideoBackgorund;
			productName = VideoBackgorund;
			productReference = D3A82E9020C666CA00AAA52C /* VideoBackgorund.app */;
			productType = "com.apple.product-type.application";
		};
/* End PBXNativeTarget section */

/* Begin PBXProject section */
		D3A82E8820C666CA00AAA52C /* Project object */ = {
			isa = PBXProject;
			attributes = {
				LastSwiftUpdateCheck = 0920;
				LastUpgradeCheck = 0920;
				ORGANIZATIONNAME = MBA0202;
				TargetAttributes = {
					D3A82E8F20C666CA00AAA52C = {
						CreatedOnToolsVersion = 9.2;
						ProvisioningStyle = Automatic;
					};
				};
			};
			buildConfigurationList = D3A82E8B20C666CA00AAA52C /* Build configuration list for PBXProject "VideoBackgorund" */;
			compatibilityVersion = "Xcode 8.0";
			developmentRegion = en;
			hasScannedForEncodings = 0;
			knownRegions = (
				en,
				Base,
			);
			mainGroup = D3A82E8720C666CA00AAA52C;
			productRefGroup = D3A82E9120C666CA00AAA52C /* Products */;
			projectDirPath = "";
			projectRoot = "";
			targets = (
				D3A82E8F20C666CA00AAA52C /* VideoBackgorund */,
			);
		};
/* End PBXProject section */

/* Begin PBXResourcesBuildPhase section */
		D3A82E8E20C666CA00AAA52C /* Resources */ = {
			isa = PBXResourcesBuildPhase;
			buildActionMask = 2147483647;
			files = (
				D3A82EA620C6727100AAA52C /* kimsohyun.mp4 in Resources */,
				D3A82E9E20C666CA00AAA52C /* LaunchScreen.storyboard in Resources */,
				D3A82E9B20C666CA00AAA52C /* Assets.xcassets in Resources */,
				D3A82E9920C666CA00AAA52C /* Main.storyboard in Resources */,
			);
			runOnlyForDeploymentPostprocessing = 0;
		};
/* End PBXResourcesBuildPhase section */

/* Begin PBXSourcesBuildPhase section */
		D3A82E8C20C666CA00AAA52C /* Sources */ = {
			isa = PBXSourcesBuildPhase;
			buildActionMask = 2147483647;
			files = (
				D3A82E9620C666CA00AAA52C /* ViewController.swift in Sources */,
				D3A82E9420C666CA00AAA52C /* AppDelegate.swift in Sources */,
			);
			runOnlyForDeploymentPostprocessing = 0;
		};
/* End PBXSourcesBuildPhase section */

/* Begin PBXVariantGroup section */
		D3A82E9720C666CA00AAA52C /* Main.storyboard */ = {
			isa = PBXVariantGroup;
			children = (
				D3A82E9820C666CA00AAA52C /* Base */,
			);
			name = Main.storyboard;
			sourceTree = "<group>";
		};
		D3A82E9C20C666CA00AAA52C /* LaunchScreen.storyboard */ = {
			isa = PBXVariantGroup;
			children = (
				D3A82E9D20C666CA00AAA52C /* Base */,
			);
			name = LaunchScreen.storyboard;
			sourceTree = "<group>";
		};
/* End PBXVariantGroup section */

/* Begin XCBuildConfiguration section */
		D3A82EA020C666CA00AAA52C /* Debug */ = {
			isa = XCBuildConfiguration;
			buildSettings = {
				ALWAYS_SEARCH_USER_PATHS = NO;
				CLANG_ANALYZER_NONNULL = YES;
				CLANG_ANALYZER_NUMBER_OBJECT_CONVERSION = YES_AGGRESSIVE;
				CLANG_CXX_LANGUAGE_STANDARD = "gnu++14";
				CLANG_CXX_LIBRARY = "libc++";
				CLANG_ENABLE_MODULES = YES;
				CLANG_ENABLE_OBJC_ARC = YES;
				CLANG_WARN_BLOCK_CAPTURE_AUTORELEASING = YES;
				CLANG_WARN_BOOL_CONVERSION = YES;
				CLANG_WARN_COMMA = YES;
				CLANG_WARN_CONSTANT_CONVERSION = YES;
				CLANG_WARN_DIRECT_OBJC_ISA_USAGE = YES_ERROR;
				CLANG_WARN_DOCUMENTATION_COMMENTS = YES;
				CLANG_WARN_EMPTY_BODY = YES;
				CLANG_WARN_ENUM_CONVERSION = YES;
				CLANG_WARN_INFINITE_RECURSION = YES;
				CLANG_WARN_INT_CONVERSION = YES;
				CLANG_WARN_NON_LITERAL_NULL_CONVERSION = YES;
				CLANG_WARN_OBJC_LITERAL_CONVERSION = YES;
				CLANG_WARN_OBJC_ROOT_CLASS = YES_ERROR;
				CLANG_WARN_RANGE_LOOP_ANALYSIS = YES;
				CLANG_WARN_STRICT_PROTOTYPES = YES;
				CLANG_WARN_SUSPICIOUS_MOVE = YES;
				CLANG_WARN_UNGUARDED_AVAILABILITY = YES_AGGRESSIVE;
				CLANG_WARN_UNREACHABLE_CODE = YES;
				CLANG_WARN__DUPLICATE_METHOD_MATCH = YES;
				CODE_SIGN_IDENTITY = "iPhone Developer";
				COPY_PHASE_STRIP = NO;
				DEBUG_INFORMATION_FORMAT = dwarf;
				ENABLE_STRICT_OBJC_MSGSEND = YES;
				ENABLE_TESTABILITY = YES;
				GCC_C_LANGUAGE_STANDARD = gnu11;
				GCC_DYNAMIC_NO_PIC = NO;
				GCC_NO_COMMON_BLOCKS = YES;
				GCC_OPTIMIZATION_LEVEL = 0;
				GCC_PREPROCESSOR_DEFINITIONS = (
					"DEBUG=1",
					"$(inherited)",
				);
				GCC_WARN_64_TO_32_BIT_CONVERSION = YES;
				GCC_WARN_ABOUT_RETURN_TYPE = YES_ERROR;
				GCC_WARN_UNDECLARED_SELECTOR = YES;
				GCC_WARN_UNINITIALIZED_AUTOS = YES_AGGRESSIVE;
				GCC_WARN_UNUSED_FUNCTION = YES;
				GCC_WARN_UNUSED_VARIABLE = YES;
				IPHONEOS_DEPLOYMENT_TARGET = 11.2;
				MTL_ENABLE_DEBUG_INFO = YES;
				ONLY_ACTIVE_ARCH = YES;
				SDKROOT = iphoneos;
				SWIFT_ACTIVE_COMPILATION_CONDITIONS = DEBUG;
				SWIFT_OPTIMIZATION_LEVEL = "-Onone";
			};
			name = Debug;
		};
		D3A82EA120C666CA00AAA52C /* Release */ = {
			isa = XCBuildConfiguration;
			buildSettings = {
				ALWAYS_SEARCH_USER_PATHS = NO;
				CLANG_ANALYZER_NONNULL = YES;
				CLANG_ANALYZER_NUMBER_OBJECT_CONVERSION = YES_AGGRESSIVE;
				CLANG_CXX_LANGUAGE_STANDARD = "gnu++14";
				CLANG_CXX_LIBRARY = "libc++";
				CLANG_ENABLE_MODULES = YES;
				CLANG_ENABLE_OBJC_ARC = YES;
				CLANG_WARN_BLOCK_CAPTURE_AUTORELEASING = YES;
				CLANG_WARN_BOOL_CONVERSION = YES;
				CLANG_WARN_COMMA = YES;
				CLANG_WARN_CONSTANT_CONVERSION = YES;
				CLANG_WARN_DIRECT_OBJC_ISA_USAGE = YES_ERROR;
				CLANG_WARN_DOCUMENTATION_COMMENTS = YES;
				CLANG_WARN_EMPTY_BODY = YES;
				CLANG_WARN_ENUM_CONVERSION = YES;
				CLANG_WARN_INFINITE_RECURSION = YES;
				CLANG_WARN_INT_CONVERSION = YES;
				CLANG_WARN_NON_LITERAL_NULL_CONVERSION = YES;
				CLANG_WARN_OBJC_LITERAL_CONVERSION = YES;
				CLANG_WARN_OBJC_ROOT_CLASS = YES_ERROR;
				CLANG_WARN_RANGE_LOOP_ANALYSIS = YES;
				CLANG_WARN_STRICT_PROTOTYPES = YES;
				CLANG_WARN_SUSPICIOUS_MOVE = YES;
				CLANG_WARN_UNGUARDED_AVAILABILITY = YES_AGGRESSIVE;
				CLANG_WARN_UNREACHABLE_CODE = YES;
				CLANG_WARN__DUPLICATE_METHOD_MATCH = YES;
				CODE_SIGN_IDENTITY = "iPhone Developer";
				COPY_PHASE_STRIP = NO;
				DEBUG_INFORMATION_FORMAT = "dwarf-with-dsym";
				ENABLE_NS_ASSERTIONS = NO;
				ENABLE_STRICT_OBJC_MSGSEND = YES;
				GCC_C_LANGUAGE_STANDARD = gnu11;
				GCC_NO_COMMON_BLOCKS = YES;
				GCC_WARN_64_TO_32_BIT_CONVERSION = YES;
				GCC_WARN_ABOUT_RETURN_TYPE = YES_ERROR;
				GCC_WARN_UNDECLARED_SELECTOR = YES;
				GCC_WARN_UNINITIALIZED_AUTOS = YES_AGGRESSIVE;
				GCC_WARN_UNUSED_FUNCTION = YES;
				GCC_WARN_UNUSED_VARIABLE = YES;
				IPHONEOS_DEPLOYMENT_TARGET = 11.2;
				MTL_ENABLE_DEBUG_INFO = NO;
				SDKROOT = iphoneos;
				SWIFT_OPTIMIZATION_LEVEL = "-Owholemodule";
				VALIDATE_PRODUCT = YES;
			};
			name = Release;
		};
		D3A82EA320C666CA00AAA52C /* Debug */ = {
			isa = XCBuildConfiguration;
			buildSettings = {
				ASSETCATALOG_COMPILER_APPICON_NAME = AppIcon;
				CODE_SIGN_STYLE = Automatic;
				INFOPLIST_FILE = VideoBackgorund/Info.plist;
				LD_RUNPATH_SEARCH_PATHS = "$(inherited) @executable_path/Frameworks";
				PRODUCT_BUNDLE_IDENTIFIER = "Tanh-Le-D..VideoBackgorund";
				PRODUCT_NAME = "$(TARGET_NAME)";
				SWIFT_VERSION = 4.0;
				TARGETED_DEVICE_FAMILY = "1,2";
			};
			name = Debug;
		};
		D3A82EA420C666CA00AAA52C /* Release */ = {
			isa = XCBuildConfiguration;
			buildSettings = {
				ASSETCATALOG_COMPILER_APPICON_NAME = AppIcon;
				CODE_SIGN_STYLE = Automatic;
				INFOPLIST_FILE = VideoBackgorund/Info.plist;
				LD_RUNPATH_SEARCH_PATHS = "$(inherited) @executable_path/Frameworks";
				PRODUCT_BUNDLE_IDENTIFIER = "Tanh-Le-D..VideoBackgorund";
				PRODUCT_NAME = "$(TARGET_NAME)";
				SWIFT_VERSION = 4.0;
				TARGETED_DEVICE_FAMILY = "1,2";
			};
			name = Release;
		};
/* End XCBuildConfiguration section */

/* Begin XCConfigurationList section */
		D3A82E8B20C666CA00AAA52C /* Build configuration list for PBXProject "VideoBackgorund" */ = {
			isa = XCConfigurationList;
			buildConfigurations = (
				D3A82EA020C666CA00AAA52C /* Debug */,
				D3A82EA120C666CA00AAA52C /* Release */,
			);
			defaultConfigurationIsVisible = 0;
			defaultConfigurationName = Release;
		};
		D3A82EA220C666CA00AAA52C /* Build configuration list for PBXNativeTarget "VideoBackgorund" */ = {
			isa = XCConfigurationList;
			buildConfigurations = (
				D3A82EA320C666CA00AAA52C /* Debug */,
				D3A82EA420C666CA00AAA52C /* Release */,
			);
			defaultConfigurationIsVisible = 0;
			defaultConfigurationName = Release;
		};
/* End XCConfigurationList section */
	};
	rootObject = D3A82E8820C666CA00AAA52C /* Project object */;
}
