PODS:
  - GCDWebServer (3.4.2):
    - GCDWebServer/Core (= 3.4.2)
  - GCDWebServer/Core (3.4.2)
  - GCDWebServer/WebUploader (3.4.2):
    - GCDWebServer/Core

DEPENDENCIES:
  - GCDWebServer (~> 3.0)
  - GCDWebServer/WebUploader (~> 3.0)

SPEC CHECKSUMS:
  GCDWebServer: 8d67ee9f634b4bb91eb4b8aee440318a5fc6debd

PODFILE CHECKSUM: 0d5858f918ea7c1e62bee07ac3dc15619d0c275b

COCOAPODS: 1.3.1
