// !$*UTF8*$!
{
	archiveVersion = 1;
	classes = {
	};
	objectVersion = 48;
	objects = {

/* Begin PBXBuildFile section */
		D37284CA20BA5A1400415B3A /* AppDelegate.swift in Sources */ = {isa = PBXBuildFile; fileRef = D37284C920BA5A1400415B3A /* AppDelegate.swift */; };
		D37284D120BA5A1400415B3A /* Assets.xcassets in Resources */ = {isa = PBXBuildFile; fileRef = D37284D020BA5A1400415B3A /* Assets.xcassets */; };
		D37284D420BA5A1400415B3A /* LaunchScreen.storyboard in Resources */ = {isa = PBXBuildFile; fileRef = D37284D220BA5A1400415B3A /* LaunchScreen.storyboard */; };
		D37284DD20BA5B3100415B3A /* HomeViewController.swift in Sources */ = {isa = PBXBuildFile; fileRef = D37284DB20BA5B3100415B3A /* HomeViewController.swift */; };
		D37284DE20BA5B3100415B3A /* HomeViewController.xib in Resources */ = {isa = PBXBuildFile; fileRef = D37284DC20BA5B3100415B3A /* HomeViewController.xib */; };
		D37284E120BA5F9A00415B3A /* AlbumViewController.swift in Sources */ = {isa = PBXBuildFile; fileRef = D37284DF20BA5F9A00415B3A /* AlbumViewController.swift */; };
		D37284E220BA5F9A00415B3A /* AlbumViewController.xib in Resources */ = {isa = PBXBuildFile; fileRef = D37284E020BA5F9A00415B3A /* AlbumViewController.xib */; };
		D37284E620BA6AE700415B3A /* CollectionViewCell.xib in Resources */ = {isa = PBXBuildFile; fileRef = D37284E420BA6AE700415B3A /* CollectionViewCell.xib */; };
		D37284E820BA6CFC00415B3A /* CollectionViewCell.swift in Sources */ = {isa = PBXBuildFile; fileRef = D37284E720BA6CFC00415B3A /* CollectionViewCell.swift */; };
		D37284EB20BAD04400415B3A /* ImagePickerViewController.swift in Sources */ = {isa = PBXBuildFile; fileRef = D37284E920BAD04400415B3A /* ImagePickerViewController.swift */; };
		D37284EC20BAD04400415B3A /* ImagePickerViewController.xib in Resources */ = {isa = PBXBuildFile; fileRef = D37284EA20BAD04400415B3A /* ImagePickerViewController.xib */; };
		D3DD5E9320CB081A00C4539D /* webServer.swift in Sources */ = {isa = PBXBuildFile; fileRef = D3DD5E9220CB081A00C4539D /* webServer.swift */; };
		D3DD5E9B20CB1F0800C4539D /* theadbg.png in Resources */ = {isa = PBXBuildFile; fileRef = D3DD5E9620CB1F0800C4539D /* theadbg.png */; };
		D3DD5E9C20CB1F0800C4539D /* titlebg.png in Resources */ = {isa = PBXBuildFile; fileRef = D3DD5E9720CB1F0800C4539D /* titlebg.png */; };
		D3DD5E9D20CB1F0800C4539D /* index.html in Resources */ = {isa = PBXBuildFile; fileRef = D3DD5E9820CB1F0800C4539D /* index.html */; };
		D3DD5E9E20CB1F0800C4539D /* bg.png in Resources */ = {isa = PBXBuildFile; fileRef = D3DD5E9920CB1F0800C4539D /* bg.png */; };
		D3DD5E9F20CB1F0800C4539D /* jquery.js in Resources */ = {isa = PBXBuildFile; fileRef = D3DD5E9A20CB1F0800C4539D /* jquery.js */; };
		EBD6567A68A2782AFFF39B8F /* Pods_DocumentDirectoryExample.framework in Frameworks */ = {isa = PBXBuildFile; fileRef = 0A80D135A13954660163D6BD /* Pods_DocumentDirectoryExample.framework */; };
/* End PBXBuildFile section */

/* Begin PBXFileReference section */
		0A80D135A13954660163D6BD /* Pods_DocumentDirectoryExample.framework */ = {isa = PBXFileReference; explicitFileType = wrapper.framework; includeInIndex = 0; path = Pods_DocumentDirectoryExample.framework; sourceTree = BUILT_PRODUCTS_DIR; };
		33F0575F1B4A8535C3392079 /* Pods-DocumentDirectoryExample.debug.xcconfig */ = {isa = PBXFileReference; includeInIndex = 1; lastKnownFileType = text.xcconfig; name = "Pods-DocumentDirectoryExample.debug.xcconfig"; path = "Pods/Target Support Files/Pods-DocumentDirectoryExample/Pods-DocumentDirectoryExample.debug.xcconfig"; sourceTree = "<group>"; };
		B94986699D15AF6A4CC5F6CC /* Pods-DocumentDirectoryExample.release.xcconfig */ = {isa = PBXFileReference; includeInIndex = 1; lastKnownFileType = text.xcconfig; name = "Pods-DocumentDirectoryExample.release.xcconfig"; path = "Pods/Target Support Files/Pods-DocumentDirectoryExample/Pods-DocumentDirectoryExample.release.xcconfig"; sourceTree = "<group>"; };
		D37284C620BA5A1400415B3A /* DocumentDirectoryExample.app */ = {isa = PBXFileReference; explicitFileType = wrapper.application; includeInIndex = 0; path = DocumentDirectoryExample.app; sourceTree = BUILT_PRODUCTS_DIR; };
		D37284C920BA5A1400415B3A /* AppDelegate.swift */ = {isa = PBXFileReference; lastKnownFileType = sourcecode.swift; path = AppDelegate.swift; sourceTree = "<group>"; };
		D37284D020BA5A1400415B3A /* Assets.xcassets */ = {isa = PBXFileReference; lastKnownFileType = folder.assetcatalog; path = Assets.xcassets; sourceTree = "<group>"; };
		D37284D320BA5A1400415B3A /* Base */ = {isa = PBXFileReference; lastKnownFileType = file.storyboard; name = Base; path = Base.lproj/LaunchScreen.storyboard; sourceTree = "<group>"; };
		D37284D520BA5A1400415B3A /* Info.plist */ = {isa = PBXFileReference; lastKnownFileType = text.plist.xml; path = Info.plist; sourceTree = "<group>"; };
		D37284DB20BA5B3100415B3A /* HomeViewController.swift */ = {isa = PBXFileReference; lastKnownFileType = sourcecode.swift; path = HomeViewController.swift; sourceTree = "<group>"; };
		D37284DC20BA5B3100415B3A /* HomeViewController.xib */ = {isa = PBXFileReference; lastKnownFileType = file.xib; path = HomeViewController.xib; sourceTree = "<group>"; };
		D37284DF20BA5F9A00415B3A /* AlbumViewController.swift */ = {isa = PBXFileReference; lastKnownFileType = sourcecode.swift; path = AlbumViewController.swift; sourceTree = "<group>"; };
		D37284E020BA5F9A00415B3A /* AlbumViewController.xib */ = {isa = PBXFileReference; lastKnownFileType = file.xib; path = AlbumViewController.xib; sourceTree = "<group>"; };
		D37284E420BA6AE700415B3A /* CollectionViewCell.xib */ = {isa = PBXFileReference; lastKnownFileType = file.xib; path = CollectionViewCell.xib; sourceTree = "<group>"; };
		D37284E720BA6CFC00415B3A /* CollectionViewCell.swift */ = {isa = PBXFileReference; fileEncoding = 4; lastKnownFileType = sourcecode.swift; path = CollectionViewCell.swift; sourceTree = "<group>"; };
		D37284E920BAD04400415B3A /* ImagePickerViewController.swift */ = {isa = PBXFileReference; lastKnownFileType = sourcecode.swift; path = ImagePickerViewController.swift; sourceTree = "<group>"; };
		D37284EA20BAD04400415B3A /* ImagePickerViewController.xib */ = {isa = PBXFileReference; lastKnownFileType = file.xib; path = ImagePickerViewController.xib; sourceTree = "<group>"; };
		D3DD5E9220CB081A00C4539D /* webServer.swift */ = {isa = PBXFileReference; lastKnownFileType = sourcecode.swift; path = webServer.swift; sourceTree = "<group>"; };
		D3DD5E9420CB08AC00C4539D /* WebServer-Bridging-Header.h */ = {isa = PBXFileReference; lastKnownFileType = sourcecode.c.h; path = "WebServer-Bridging-Header.h"; sourceTree = "<group>"; };
		D3DD5E9620CB1F0800C4539D /* theadbg.png */ = {isa = PBXFileReference; lastKnownFileType = image.png; path = theadbg.png; sourceTree = "<group>"; };
		D3DD5E9720CB1F0800C4539D /* titlebg.png */ = {isa = PBXFileReference; lastKnownFileType = image.png; path = titlebg.png; sourceTree = "<group>"; };
		D3DD5E9820CB1F0800C4539D /* index.html */ = {isa = PBXFileReference; fileEncoding = 4; lastKnownFileType = text.html; path = index.html; sourceTree = "<group>"; };
		D3DD5E9920CB1F0800C4539D /* bg.png */ = {isa = PBXFileReference; lastKnownFileType = image.png; path = bg.png; sourceTree = "<group>"; };
		D3DD5E9A20CB1F0800C4539D /* jquery.js */ = {isa = PBXFileReference; fileEncoding = 4; lastKnownFileType = sourcecode.javascript; path = jquery.js; sourceTree = "<group>"; };
/* End PBXFileReference section */

/* Begin PBXFrameworksBuildPhase section */
		D37284C320BA5A1400415B3A /* Frameworks */ = {
			isa = PBXFrameworksBuildPhase;
			buildActionMask = 2147483647;
			files = (
				EBD6567A68A2782AFFF39B8F /* Pods_DocumentDirectoryExample.framework in Frameworks */,
			);
			runOnlyForDeploymentPostprocessing = 0;
		};
/* End PBXFrameworksBuildPhase section */

/* Begin PBXGroup section */
		0AA00EF9EC65353DF025D49E /* Pods */ = {
			isa = PBXGroup;
			children = (
				33F0575F1B4A8535C3392079 /* Pods-DocumentDirectoryExample.debug.xcconfig */,
				B94986699D15AF6A4CC5F6CC /* Pods-DocumentDirectoryExample.release.xcconfig */,
			);
			name = Pods;
			sourceTree = "<group>";
		};
		ABADB80CAB56E63AF96B4277 /* Frameworks */ = {
			isa = PBXGroup;
			children = (
				0A80D135A13954660163D6BD /* Pods_DocumentDirectoryExample.framework */,
			);
			name = Frameworks;
			sourceTree = "<group>";
		};
		D37284BD20BA5A1400415B3A = {
			isa = PBXGroup;
			children = (
				D37284C820BA5A1400415B3A /* DocumentDirectoryExample */,
				D37284C720BA5A1400415B3A /* Products */,
				0AA00EF9EC65353DF025D49E /* Pods */,
				ABADB80CAB56E63AF96B4277 /* Frameworks */,
			);
			sourceTree = "<group>";
		};
		D37284C720BA5A1400415B3A /* Products */ = {
			isa = PBXGroup;
			children = (
				D37284C620BA5A1400415B3A /* DocumentDirectoryExample.app */,
			);
			name = Products;
			sourceTree = "<group>";
		};
		D37284C820BA5A1400415B3A /* DocumentDirectoryExample */ = {
			isa = PBXGroup;
			children = (
				D3DD5E9520CB1F0800C4539D /* docroot */,
				D37284C920BA5A1400415B3A /* AppDelegate.swift */,
				D37284D020BA5A1400415B3A /* Assets.xcassets */,
				D37284D220BA5A1400415B3A /* LaunchScreen.storyboard */,
				D37284D520BA5A1400415B3A /* Info.plist */,
				D37284DB20BA5B3100415B3A /* HomeViewController.swift */,
				D37284DC20BA5B3100415B3A /* HomeViewController.xib */,
				D37284DF20BA5F9A00415B3A /* AlbumViewController.swift */,
				D37284E020BA5F9A00415B3A /* AlbumViewController.xib */,
				D37284E720BA6CFC00415B3A /* CollectionViewCell.swift */,
				D37284E420BA6AE700415B3A /* CollectionViewCell.xib */,
				D37284E920BAD04400415B3A /* ImagePickerViewController.swift */,
				D37284EA20BAD04400415B3A /* ImagePickerViewController.xib */,
				D3DD5E9220CB081A00C4539D /* webServer.swift */,
				D3DD5E9420CB08AC00C4539D /* WebServer-Bridging-Header.h */,
			);
			path = DocumentDirectoryExample;
			sourceTree = "<group>";
		};
		D3DD5E9520CB1F0800C4539D /* docroot */ = {
			isa = PBXGroup;
			children = (
				D3DD5E9620CB1F0800C4539D /* theadbg.png */,
				D3DD5E9720CB1F0800C4539D /* titlebg.png */,
				D3DD5E9920CB1F0800C4539D /* bg.png */,
				D3DD5E9A20CB1F0800C4539D /* jquery.js */,
				D3DD5E9820CB1F0800C4539D /* index.html */,
			);
			path = docroot;
			sourceTree = "<group>";
		};
/* End PBXGroup section */

/* Begin PBXNativeTarget section */
		D37284C520BA5A1400415B3A /* DocumentDirectoryExample */ = {
			isa = PBXNativeTarget;
			buildConfigurationList = D37284D820BA5A1400415B3A /* Build configuration list for PBXNativeTarget "DocumentDirectoryExample" */;
			buildPhases = (
				EC5097D8B332BB7C2BEFC629 /* [CP] Check Pods Manifest.lock */,
				D37284C220BA5A1400415B3A /* Sources */,
				D37284C320BA5A1400415B3A /* Frameworks */,
				D37284C420BA5A1400415B3A /* Resources */,
				AAA656ECA6243018534B0868 /* [CP] Embed Pods Frameworks */,
				1DC066D66B419B52BA69D863 /* [CP] Copy Pods Resources */,
			);
			buildRules = (
			);
			dependencies = (
			);
			name = DocumentDirectoryExample;
			productName = DocumentDirectoryExample;
			productReference = D37284C620BA5A1400415B3A /* DocumentDirectoryExample.app */;
			productType = "com.apple.product-type.application";
		};
/* End PBXNativeTarget section */

/* Begin PBXProject section */
		D37284BE20BA5A1400415B3A /* Project object */ = {
			isa = PBXProject;
			attributes = {
				LastSwiftUpdateCheck = 0920;
				LastUpgradeCheck = 0920;
				ORGANIZATIONNAME = MBA0202;
				TargetAttributes = {
					D37284C520BA5A1400415B3A = {
						CreatedOnToolsVersion = 9.2;
						ProvisioningStyle = Automatic;
					};
				};
			};
			buildConfigurationList = D37284C120BA5A1400415B3A /* Build configuration list for PBXProject "DocumentDirectoryExample" */;
			compatibilityVersion = "Xcode 8.0";
			developmentRegion = en;
			hasScannedForEncodings = 0;
			knownRegions = (
				en,
				Base,
			);
			mainGroup = D37284BD20BA5A1400415B3A;
			productRefGroup = D37284C720BA5A1400415B3A /* Products */;
			projectDirPath = "";
			projectRoot = "";
			targets = (
				D37284C520BA5A1400415B3A /* DocumentDirectoryExample */,
			);
		};
/* End PBXProject section */

/* Begin PBXResourcesBuildPhase section */
		D37284C420BA5A1400415B3A /* Resources */ = {
			isa = PBXResourcesBuildPhase;
			buildActionMask = 2147483647;
			files = (
				D3DD5E9E20CB1F0800C4539D /* bg.png in Resources */,
				D37284EC20BAD04400415B3A /* ImagePickerViewController.xib in Resources */,
				D3DD5E9C20CB1F0800C4539D /* titlebg.png in Resources */,
				D37284E220BA5F9A00415B3A /* AlbumViewController.xib in Resources */,
				D3DD5E9D20CB1F0800C4539D /* index.html in Resources */,
				D37284E620BA6AE700415B3A /* CollectionViewCell.xib in Resources */,
				D37284D420BA5A1400415B3A /* LaunchScreen.storyboard in Resources */,
				D37284D120BA5A1400415B3A /* Assets.xcassets in Resources */,
				D3DD5E9B20CB1F0800C4539D /* theadbg.png in Resources */,
				D37284DE20BA5B3100415B3A /* HomeViewController.xib in Resources */,
				D3DD5E9F20CB1F0800C4539D /* jquery.js in Resources */,
			);
			runOnlyForDeploymentPostprocessing = 0;
		};
/* End PBXResourcesBuildPhase section */

/* Begin PBXShellScriptBuildPhase section */
		1DC066D66B419B52BA69D863 /* [CP] Copy Pods Resources */ = {
			isa = PBXShellScriptBuildPhase;
			buildActionMask = 2147483647;
			files = (
			);
			inputPaths = (
			);
			name = "[CP] Copy Pods Resources";
			outputPaths = (
			);
			runOnlyForDeploymentPostprocessing = 0;
			shellPath = /bin/sh;
			shellScript = "\"${SRCROOT}/Pods/Target Support Files/Pods-DocumentDirectoryExample/Pods-DocumentDirectoryExample-resources.sh\"\n";
			showEnvVarsInLog = 0;
		};
		AAA656ECA6243018534B0868 /* [CP] Embed Pods Frameworks */ = {
			isa = PBXShellScriptBuildPhase;
			buildActionMask = 2147483647;
			files = (
			);
			inputPaths = (
				"${SRCROOT}/Pods/Target Support Files/Pods-DocumentDirectoryExample/Pods-DocumentDirectoryExample-frameworks.sh",
				"${BUILT_PRODUCTS_DIR}/GCDWebServer/GCDWebServer.framework",
			);
			name = "[CP] Embed Pods Frameworks";
			outputPaths = (
				"${TARGET_BUILD_DIR}/${FRAMEWORKS_FOLDER_PATH}/GCDWebServer.framework",
			);
			runOnlyForDeploymentPostprocessing = 0;
			shellPath = /bin/sh;
			shellScript = "\"${SRCROOT}/Pods/Target Support Files/Pods-DocumentDirectoryExample/Pods-DocumentDirectoryExample-frameworks.sh\"\n";
			showEnvVarsInLog = 0;
		};
		EC5097D8B332BB7C2BEFC629 /* [CP] Check Pods Manifest.lock */ = {
			isa = PBXShellScriptBuildPhase;
			buildActionMask = 2147483647;
			files = (
			);
			inputPaths = (
				"${PODS_PODFILE_DIR_PATH}/Podfile.lock",
				"${PODS_ROOT}/Manifest.lock",
			);
			name = "[CP] Check Pods Manifest.lock";
			outputPaths = (
				"$(DERIVED_FILE_DIR)/Pods-DocumentDirectoryExample-checkManifestLockResult.txt",
			);
			runOnlyForDeploymentPostprocessing = 0;
			shellPath = /bin/sh;
			shellScript = "diff \"${PODS_PODFILE_DIR_PATH}/Podfile.lock\" \"${PODS_ROOT}/Manifest.lock\" > /dev/null\nif [ $? != 0 ] ; then\n    # print error to STDERR\n    echo \"error: The sandbox is not in sync with the Podfile.lock. Run 'pod install' or update your CocoaPods installation.\" >&2\n    exit 1\nfi\n# This output is used by Xcode 'outputs' to avoid re-running this script phase.\necho \"SUCCESS\" > \"${SCRIPT_OUTPUT_FILE_0}\"\n";
			showEnvVarsInLog = 0;
		};
/* End PBXShellScriptBuildPhase section */

/* Begin PBXSourcesBuildPhase section */
		D37284C220BA5A1400415B3A /* Sources */ = {
			isa = PBXSourcesBuildPhase;
			buildActionMask = 2147483647;
			files = (
				D37284E120BA5F9A00415B3A /* AlbumViewController.swift in Sources */,
				D37284EB20BAD04400415B3A /* ImagePickerViewController.swift in Sources */,
				D37284CA20BA5A1400415B3A /* AppDelegate.swift in Sources */,
				D37284DD20BA5B3100415B3A /* HomeViewController.swift in Sources */,
				D37284E820BA6CFC00415B3A /* CollectionViewCell.swift in Sources */,
				D3DD5E9320CB081A00C4539D /* webServer.swift in Sources */,
			);
			runOnlyForDeploymentPostprocessing = 0;
		};
/* End PBXSourcesBuildPhase section */

/* Begin PBXVariantGroup section */
		D37284D220BA5A1400415B3A /* LaunchScreen.storyboard */ = {
			isa = PBXVariantGroup;
			children = (
				D37284D320BA5A1400415B3A /* Base */,
			);
			name = LaunchScreen.storyboard;
			sourceTree = "<group>";
		};
/* End PBXVariantGroup section */

/* Begin XCBuildConfiguration section */
		D37284D620BA5A1400415B3A /* Debug */ = {
			isa = XCBuildConfiguration;
			buildSettings = {
				ALWAYS_SEARCH_USER_PATHS = NO;
				CLANG_ANALYZER_NONNULL = YES;
				CLANG_ANALYZER_NUMBER_OBJECT_CONVERSION = YES_AGGRESSIVE;
				CLANG_CXX_LANGUAGE_STANDARD = "gnu++14";
				CLANG_CXX_LIBRARY = "libc++";
				CLANG_ENABLE_MODULES = YES;
				CLANG_ENABLE_OBJC_ARC = YES;
				CLANG_WARN_BLOCK_CAPTURE_AUTORELEASING = YES;
				CLANG_WARN_BOOL_CONVERSION = YES;
				CLANG_WARN_COMMA = YES;
				CLANG_WARN_CONSTANT_CONVERSION = YES;
				CLANG_WARN_DIRECT_OBJC_ISA_USAGE = YES_ERROR;
				CLANG_WARN_DOCUMENTATION_COMMENTS = YES;
				CLANG_WARN_EMPTY_BODY = YES;
				CLANG_WARN_ENUM_CONVERSION = YES;
				CLANG_WARN_INFINITE_RECURSION = YES;
				CLANG_WARN_INT_CONVERSION = YES;
				CLANG_WARN_NON_LITERAL_NULL_CONVERSION = YES;
				CLANG_WARN_OBJC_LITERAL_CONVERSION = YES;
				CLANG_WARN_OBJC_ROOT_CLASS = YES_ERROR;
				CLANG_WARN_RANGE_LOOP_ANALYSIS = YES;
				CLANG_WARN_STRICT_PROTOTYPES = YES;
				CLANG_WARN_SUSPICIOUS_MOVE = YES;
				CLANG_WARN_UNGUARDED_AVAILABILITY = YES_AGGRESSIVE;
				CLANG_WARN_UNREACHABLE_CODE = YES;
				CLANG_WARN__DUPLICATE_METHOD_MATCH = YES;
				CODE_SIGN_IDENTITY = "iPhone Developer";
				COPY_PHASE_STRIP = NO;
				DEBUG_INFORMATION_FORMAT = dwarf;
				ENABLE_STRICT_OBJC_MSGSEND = YES;
				ENABLE_TESTABILITY = YES;
				GCC_C_LANGUAGE_STANDARD = gnu11;
				GCC_DYNAMIC_NO_PIC = NO;
				GCC_NO_COMMON_BLOCKS = YES;
				GCC_OPTIMIZATION_LEVEL = 0;
				GCC_PREPROCESSOR_DEFINITIONS = (
					"DEBUG=1",
					"$(inherited)",
				);
				GCC_WARN_64_TO_32_BIT_CONVERSION = YES;
				GCC_WARN_ABOUT_RETURN_TYPE = YES_ERROR;
				GCC_WARN_UNDECLARED_SELECTOR = YES;
				GCC_WARN_UNINITIALIZED_AUTOS = YES_AGGRESSIVE;
				GCC_WARN_UNUSED_FUNCTION = YES;
				GCC_WARN_UNUSED_VARIABLE = YES;
				IPHONEOS_DEPLOYMENT_TARGET = 11.2;
				MTL_ENABLE_DEBUG_INFO = YES;
				ONLY_ACTIVE_ARCH = YES;
				SDKROOT = iphoneos;
				SWIFT_ACTIVE_COMPILATION_CONDITIONS = DEBUG;
				SWIFT_OPTIMIZATION_LEVEL = "-Onone";
			};
			name = Debug;
		};
		D37284D720BA5A1400415B3A /* Release */ = {
			isa = XCBuildConfiguration;
			buildSettings = {
				ALWAYS_SEARCH_USER_PATHS = NO;
				CLANG_ANALYZER_NONNULL = YES;
				CLANG_ANALYZER_NUMBER_OBJECT_CONVERSION = YES_AGGRESSIVE;
				CLANG_CXX_LANGUAGE_STANDARD = "gnu++14";
				CLANG_CXX_LIBRARY = "libc++";
				CLANG_ENABLE_MODULES = YES;
				CLANG_ENABLE_OBJC_ARC = YES;
				CLANG_WARN_BLOCK_CAPTURE_AUTORELEASING = YES;
				CLANG_WARN_BOOL_CONVERSION = YES;
				CLANG_WARN_COMMA = YES;
				CLANG_WARN_CONSTANT_CONVERSION = YES;
				CLANG_WARN_DIRECT_OBJC_ISA_USAGE = YES_ERROR;
				CLANG_WARN_DOCUMENTATION_COMMENTS = YES;
				CLANG_WARN_EMPTY_BODY = YES;
				CLANG_WARN_ENUM_CONVERSION = YES;
				CLANG_WARN_INFINITE_RECURSION = YES;
				CLANG_WARN_INT_CONVERSION = YES;
				CLANG_WARN_NON_LITERAL_NULL_CONVERSION = YES;
				CLANG_WARN_OBJC_LITERAL_CONVERSION = YES;
				CLANG_WARN_OBJC_ROOT_CLASS = YES_ERROR;
				CLANG_WARN_RANGE_LOOP_ANALYSIS = YES;
				CLANG_WARN_STRICT_PROTOTYPES = YES;
				CLANG_WARN_SUSPICIOUS_MOVE = YES;
				CLANG_WARN_UNGUARDED_AVAILABILITY = YES_AGGRESSIVE;
				CLANG_WARN_UNREACHABLE_CODE = YES;
				CLANG_WARN__DUPLICATE_METHOD_MATCH = YES;
				CODE_SIGN_IDENTITY = "iPhone Developer";
				COPY_PHASE_STRIP = NO;
				DEBUG_INFORMATION_FORMAT = "dwarf-with-dsym";
				ENABLE_NS_ASSERTIONS = NO;
				ENABLE_STRICT_OBJC_MSGSEND = YES;
				GCC_C_LANGUAGE_STANDARD = gnu11;
				GCC_NO_COMMON_BLOCKS = YES;
				GCC_WARN_64_TO_32_BIT_CONVERSION = YES;
				GCC_WARN_ABOUT_RETURN_TYPE = YES_ERROR;
				GCC_WARN_UNDECLARED_SELECTOR = YES;
				GCC_WARN_UNINITIALIZED_AUTOS = YES_AGGRESSIVE;
				GCC_WARN_UNUSED_FUNCTION = YES;
				GCC_WARN_UNUSED_VARIABLE = YES;
				IPHONEOS_DEPLOYMENT_TARGET = 11.2;
				MTL_ENABLE_DEBUG_INFO = NO;
				SDKROOT = iphoneos;
				SWIFT_OPTIMIZATION_LEVEL = "-Owholemodule";
				VALIDATE_PRODUCT = YES;
			};
			name = Release;
		};
		D37284D920BA5A1400415B3A /* Debug */ = {
			isa = XCBuildConfiguration;
			baseConfigurationReference = 33F0575F1B4A8535C3392079 /* Pods-DocumentDirectoryExample.debug.xcconfig */;
			buildSettings = {
				ASSETCATALOG_COMPILER_APPICON_NAME = AppIcon;
				CODE_SIGN_STYLE = Automatic;
				DEVELOPMENT_TEAM = 6DL36DM63G;
				INFOPLIST_FILE = DocumentDirectoryExample/Info.plist;
				LD_RUNPATH_SEARCH_PATHS = "$(inherited) @executable_path/Frameworks";
				PRODUCT_BUNDLE_IDENTIFIER = "Tanh-Le-D..DocumentDirectoryExample";
				PRODUCT_NAME = "$(TARGET_NAME)";
				SWIFT_VERSION = 4.0;
				TARGETED_DEVICE_FAMILY = "1,2";
			};
			name = Debug;
		};
		D37284DA20BA5A1400415B3A /* Release */ = {
			isa = XCBuildConfiguration;
			baseConfigurationReference = B94986699D15AF6A4CC5F6CC /* Pods-DocumentDirectoryExample.release.xcconfig */;
			buildSettings = {
				ASSETCATALOG_COMPILER_APPICON_NAME = AppIcon;
				CODE_SIGN_STYLE = Automatic;
				DEVELOPMENT_TEAM = 6DL36DM63G;
				INFOPLIST_FILE = DocumentDirectoryExample/Info.plist;
				LD_RUNPATH_SEARCH_PATHS = "$(inherited) @executable_path/Frameworks";
				PRODUCT_BUNDLE_IDENTIFIER = "Tanh-Le-D..DocumentDirectoryExample";
				PRODUCT_NAME = "$(TARGET_NAME)";
				SWIFT_COMPILATION_MODE = singlefile;
				SWIFT_VERSION = 4.0;
				TARGETED_DEVICE_FAMILY = "1,2";
			};
			name = Release;
		};
/* End XCBuildConfiguration section */

/* Begin XCConfigurationList section */
		D37284C120BA5A1400415B3A /* Build configuration list for PBXProject "DocumentDirectoryExample" */ = {
			isa = XCConfigurationList;
			buildConfigurations = (
				D37284D620BA5A1400415B3A /* Debug */,
				D37284D720BA5A1400415B3A /* Release */,
			);
			defaultConfigurationIsVisible = 0;
			defaultConfigurationName = Release;
		};
		D37284D820BA5A1400415B3A /* Build configuration list for PBXNativeTarget "DocumentDirectoryExample" */ = {
			isa = XCConfigurationList;
			buildConfigurations = (
				D37284D920BA5A1400415B3A /* Debug */,
				D37284DA20BA5A1400415B3A /* Release */,
			);
			defaultConfigurationIsVisible = 0;
			defaultConfigurationName = Release;
		};
/* End XCConfigurationList section */
	};
	rootObject = D37284BE20BA5A1400415B3A /* Project object */;
}
